
Microsoft Visual Studio Solution File, Format Version 12.00
# Visual Studio Version 17
VisualStudioVersion = 17.4.33213.308
MinimumVisualStudioVersion = 10.0.40219.1
Project("{9A19103F-16F7-4668-BE54-9A1E7A4F7556}") = "RazorPageTask", "RazorPageTask\RazorPageTask.csproj", "{B9F55FA0-D3BE-45BC-AD44-DEA57EDAD176}"
EndProject
Global
	GlobalSection(SolutionConfigurationPlatforms) = preSolution
		Debug|Any CPU = Debug|Any CPU
		Release|Any CPU = Release|Any CPU
	EndGlobalSection
	GlobalSection(ProjectConfigurationPlatforms) = postSolution
		{B9F55FA0-D3BE-45BC-AD44-DEA57EDAD176}.Debug|Any CPU.ActiveCfg = Debug|Any CPU
		{B9F55FA0-D3BE-45BC-AD44-DEA57EDAD176}.Debug|Any CPU.Build.0 = Debug|Any CPU
		{B9F55FA0-D3BE-45BC-AD44-DEA57EDAD176}.Release|Any CPU.ActiveCfg = Release|Any CPU
		{B9F55FA0-D3BE-45BC-AD44-DEA57EDAD176}.Release|Any CPU.Build.0 = Release|Any CPU
	EndGlobalSection
	GlobalSection(SolutionProperties) = preSolution
		HideSolutionNode = FALSE
	EndGlobalSection
	GlobalSection(ExtensibilityGlobals) = postSolution
		SolutionGuid = {5E11A908-F700-4C18-8D60-737459E0A78E}
	EndGlobalSection
EndGlobal
